[[dependencies]]
name = "@openzeppelin-contracts"
version = "5.1.0"
url = "https://soldeer-revisions.s3.amazonaws.com/@openzeppelin-contracts/5_1_0_19-10-2024_10:28:52_contracts.zip"
checksum = "fd3d1ea561cb27897008aee18ada6e85f248eb161c86e4435272fc2b5777574f"
integrity = "cb6cf6e878f2943b2291d5636a9d72ac51d43d8135896ceb6cf88d36c386f212"

[[dependencies]]
name = "create2-helpers"
version = "0.5.0"
url = "https://soldeer-revisions.s3.amazonaws.com/create2-helpers/0_5_0_13-05-2025_17:05:02_create2-helpers.zip"
checksum = "2e68e7866282a2801318145d610ea6f8bc64f5a591e1b57a27dd7d49b7adad65"
integrity = "a18fe8aa906f2840378580388d61d032095410791ce6dff1f9a86754a6755d44"

[[dependencies]]
name = "forge-std"
version = "1.10.0"
url = "https://soldeer-revisions.s3.amazonaws.com/forge-std/1_10_0_02-08-2025_06:50:35_forge-std-1.10.zip"
checksum = "8cc59e92a7762c170c15f2102c4f3718106dfc78239978fe87c64f316740cc09"
integrity = "3fd441e2499c5cf04ef9b4126f52150a50dcef9cac1645ff7a955345e947cd04"

[[dependencies]]
name = "solmate"
version = "6.8.0"
url = "https://soldeer-revisions.s3.amazonaws.com/solmate/6_8_0_29-10-2024_19:01:45_solmate.zip"
checksum = "e3ec0f0182cb3bbedecf8a0bcc39897266534a795ec732b2b03dafa285d78a5b"
integrity = "a22e5a352de0231f671ee8adf5667bbe83c50012670083987bd1099a69feb429"

[[dependencies]]
name = "zeframlou-create3-factory"
version = "567d6ec78cd0545f2fb18135dcb68298a5a1ef09"
url = "https://soldeer-revisions.s3.amazonaws.com/zeframlou-create3-factory/567d6ec78cd0545f2fb18135dcb68298a5a1ef09_06-05-2025_06:29:56_zeframlou-create3-factory-567d6ec78cd0545f2fb18135dcb68298a5a1ef09.zip"
checksum = "c944d07f6e632597f5a1fb1947aac287192a3fe9f4a14dcd241ad52e2ff98992"
integrity = "15ad8094b4c0bf12f63a5e123e6157a0b99c1cc5d58ccf3fd94764fee1356856"
